// !$*UTF8*$!
{
	archiveVersion = 1;
	classes = {
	};
	objectVersion = 46;
	objects = {

/* Begin PBXBuildFile section */
		A602DD5219727EB300C4C7B2 /* Foundation.framework in Frameworks */ = {isa = PBXBuildFile; fileRef = A602DD5119727EB300C4C7B2 /* Foundation.framework */; };
		A602DD5419727EB300C4C7B2 /* CoreGraphics.framework in Frameworks */ = {isa = PBXBuildFile; fileRef = A602DD5319727EB300C4C7B2 /* CoreGraphics.framework */; };
		A602DD5619727EB300C4C7B2 /* UIKit.framework in Frameworks */ = {isa = PBXBuildFile; fileRef = A602DD5519727EB300C4C7B2 /* UIKit.framework */; };
		A642C95E197282F600059D7A /* main.m in Sources */ = {isa = PBXBuildFile; fileRef = A642C95B197282F600059D7A /* main.m */; };
		A642C95F197282F600059D7A /* mBraceTest-Info.plist in Resources */ = {isa = PBXBuildFile; fileRef = A642C95C197282F600059D7A /* mBraceTest-Info.plist */; };
		A642C9611972830500059D7A /* Images.xcassets in Resources */ = {isa = PBXBuildFile; fileRef = A642C9601972830500059D7A /* Images.xcassets */; };
		A642C9641972831100059D7A /* InfoPlist.strings in Resources */ = {isa = PBXBuildFile; fileRef = A642C9621972831100059D7A /* InfoPlist.strings */; };
		A642C9671972831D00059D7A /* AppDelegate.m in Sources */ = {isa = PBXBuildFile; fileRef = A642C9661972831D00059D7A /* AppDelegate.m */; };
		A642C9701972833B00059D7A /* CardsViewController.m in Sources */ = {isa = PBXBuildFile; fileRef = A642C96F1972833B00059D7A /* CardsViewController.m */; };
		A642C9731972834600059D7A /* Main.storyboard in Resources */ = {isa = PBXBuildFile; fileRef = A642C9711972834600059D7A /* Main.storyboard */; };
		A642C97719728FD800059D7A /* CardView.m in Sources */ = {isa = PBXBuildFile; fileRef = A642C97619728FD800059D7A /* CardView.m */; };
/* End PBXBuildFile section */

/* Begin PBXFileReference section */
		A602DD4E19727EB300C4C7B2 /* mBraceTest.app */ = {isa = PBXFileReference; explicitFileType = wrapper.application; includeInIndex = 0; path = mBraceTest.app; sourceTree = BUILT_PRODUCTS_DIR; };
		A602DD5119727EB300C4C7B2 /* Foundation.framework */ = {isa = PBXFileReference; lastKnownFileType = wrapper.framework; name = Foundation.framework; path = System/Library/Frameworks/Foundation.framework; sourceTree = SDKROOT; };
		A602DD5319727EB300C4C7B2 /* CoreGraphics.framework */ = {isa = PBXFileReference; lastKnownFileType = wrapper.framework; name = CoreGraphics.framework; path = System/Library/Frameworks/CoreGraphics.framework; sourceTree = SDKROOT; };
		A602DD5519727EB300C4C7B2 /* UIKit.framework */ = {isa = PBXFileReference; lastKnownFileType = wrapper.framework; name = UIKit.framework; path = System/Library/Frameworks/UIKit.framework; sourceTree = SDKROOT; };
		A642C95B197282F600059D7A /* main.m */ = {isa = PBXFileReference; fileEncoding = 4; lastKnownFileType = sourcecode.c.objc; name = main.m; path = mBraceTest/main.m; sourceTree = SOURCE_ROOT; };
		A642C95C197282F600059D7A /* mBraceTest-Info.plist */ = {isa = PBXFileReference; fileEncoding = 4; lastKnownFileType = text.plist.xml; name = "mBraceTest-Info.plist"; path = "mBraceTest/mBraceTest-Info.plist"; sourceTree = SOURCE_ROOT; };
		A642C95D197282F600059D7A /* mBraceTest-Prefix.pch */ = {isa = PBXFileReference; fileEncoding = 4; lastKnownFileType = sourcecode.c.h; name = "mBraceTest-Prefix.pch"; path = "mBraceTest/mBraceTest-Prefix.pch"; sourceTree = SOURCE_ROOT; };
		A642C9601972830500059D7A /* Images.xcassets */ = {isa = PBXFileReference; lastKnownFileType = folder.assetcatalog; name = Images.xcassets; path = mBraceTest/Images.xcassets; sourceTree = SOURCE_ROOT; };
		A642C9631972831100059D7A /* en */ = {isa = PBXFileReference; lastKnownFileType = text.plist.strings; name = en; path = mBraceTest/en.lproj/InfoPlist.strings; sourceTree = SOURCE_ROOT; };
		A642C9651972831D00059D7A /* AppDelegate.h */ = {isa = PBXFileReference; fileEncoding = 4; lastKnownFileType = sourcecode.c.h; name = AppDelegate.h; path = mBraceTest/AppDelegate.h; sourceTree = SOURCE_ROOT; };
		A642C9661972831D00059D7A /* AppDelegate.m */ = {isa = PBXFileReference; fileEncoding = 4; lastKnownFileType = sourcecode.c.objc; name = AppDelegate.m; path = mBraceTest/AppDelegate.m; sourceTree = SOURCE_ROOT; };
		A642C96E1972833B00059D7A /* CardsViewController.h */ = {isa = PBXFileReference; fileEncoding = 4; lastKnownFileType = sourcecode.c.h; name = CardsViewController.h; path = mBraceTest/ViewControllers/CardsViewController/CardsViewController.h; sourceTree = SOURCE_ROOT; };
		A642C96F1972833B00059D7A /* CardsViewController.m */ = {isa = PBXFileReference; fileEncoding = 4; lastKnownFileType = sourcecode.c.objc; name = CardsViewController.m; path = mBraceTest/ViewControllers/CardsViewController/CardsViewController.m; sourceTree = SOURCE_ROOT; };
		A642C9721972834600059D7A /* Base */ = {isa = PBXFileReference; lastKnownFileType = file.storyboard; name = Base; path = mBraceTest/Base.lproj/Main.storyboard; sourceTree = SOURCE_ROOT; };
		A642C97519728FD800059D7A /* CardView.h */ = {isa = PBXFileReference; fileEncoding = 4; lastKnownFileType = sourcecode.c.h; path = CardView.h; sourceTree = "<group>"; };
		A642C97619728FD800059D7A /* CardView.m */ = {isa = PBXFileReference; fileEncoding = 4; lastKnownFileType = sourcecode.c.objc; path = CardView.m; sourceTree = "<group>"; };
/* End PBXFileReference section */

/* Begin PBXFrameworksBuildPhase section */
		A602DD4B19727EB300C4C7B2 /* Frameworks */ = {
			isa = PBXFrameworksBuildPhase;
			buildActionMask = 2147483647;
			files = (
				A602DD5419727EB300C4C7B2 /* CoreGraphics.framework in Frameworks */,
				A602DD5619727EB300C4C7B2 /* UIKit.framework in Frameworks */,
				A602DD5219727EB300C4C7B2 /* Foundation.framework in Frameworks */,
			);
			runOnlyForDeploymentPostprocessing = 0;
		};
/* End PBXFrameworksBuildPhase section */

/* Begin PBXGroup section */
		A602DD4519727EB300C4C7B2 = {
			isa = PBXGroup;
			children = (
				A602DD5719727EB400C4C7B2 /* mBraceTest */,
				A602DD5019727EB300C4C7B2 /* Frameworks */,
				A602DD4F19727EB300C4C7B2 /* Products */,
			);
			sourceTree = "<group>";
		};
		A602DD4F19727EB300C4C7B2 /* Products */ = {
			isa = PBXGroup;
			children = (
				A602DD4E19727EB300C4C7B2 /* mBraceTest.app */,
			);
			name = Products;
			sourceTree = "<group>";
		};
		A602DD5019727EB300C4C7B2 /* Frameworks */ = {
			isa = PBXGroup;
			children = (
				A602DD5119727EB300C4C7B2 /* Foundation.framework */,
				A602DD5319727EB300C4C7B2 /* CoreGraphics.framework */,
				A602DD5519727EB300C4C7B2 /* UIKit.framework */,
			);
			name = Frameworks;
			sourceTree = "<group>";
		};
		A602DD5719727EB400C4C7B2 /* mBraceTest */ = {
			isa = PBXGroup;
			children = (
				A642C9711972834600059D7A /* Main.storyboard */,
				A642C9651972831D00059D7A /* AppDelegate.h */,
				A642C9661972831D00059D7A /* AppDelegate.m */,
				A642C9601972830500059D7A /* Images.xcassets */,
				A602DD8619727ED600C4C7B2 /* CustomViews */,
				A602DD8719727ED600C4C7B2 /* ViewControllers */,
				A602DD5819727EB400C4C7B2 /* Supporting Files */,
			);
			name = mBraceTest;
			path = mBraceText;
			sourceTree = "<group>";
		};
		A602DD5819727EB400C4C7B2 /* Supporting Files */ = {
			isa = PBXGroup;
			children = (
				A642C9621972831100059D7A /* InfoPlist.strings */,
				A642C95B197282F600059D7A /* main.m */,
				A642C95C197282F600059D7A /* mBraceTest-Info.plist */,
				A642C95D197282F600059D7A /* mBraceTest-Prefix.pch */,
			);
			name = "Supporting Files";
			sourceTree = "<group>";
		};
		A602DD8619727ED600C4C7B2 /* CustomViews */ = {
			isa = PBXGroup;
			children = (
				A642C97419728FD800059D7A /* CardView */,
			);
			path = CustomViews;
			sourceTree = "<group>";
		};
		A602DD8719727ED600C4C7B2 /* ViewControllers */ = {
			isa = PBXGroup;
			children = (
				A602DD8819727F9000C4C7B2 /* CardsViewController */,
			);
			path = ViewControllers;
			sourceTree = "<group>";
		};
		A602DD8819727F9000C4C7B2 /* CardsViewController */ = {
			isa = PBXGroup;
			children = (
				A642C96E1972833B00059D7A /* CardsViewController.h */,
				A642C96F1972833B00059D7A /* CardsViewController.m */,
			);
			path = CardsViewController;
			sourceTree = "<group>";
		};
		A642C97419728FD800059D7A /* CardView */ = {
			isa = PBXGroup;
			children = (
				A642C97519728FD800059D7A /* CardView.h */,
				A642C97619728FD800059D7A /* CardView.m */,
			);
			name = CardView;
			path = mBraceTest/CustomViews/CardView;
			sourceTree = SOURCE_ROOT;
		};
/* End PBXGroup section */

/* Begin PBXNativeTarget section */
		A602DD4D19727EB300C4C7B2 /* mBraceTest */ = {
			isa = PBXNativeTarget;
			buildConfigurationList = A602DD8019727EB400C4C7B2 /* Build configuration list for PBXNativeTarget "mBraceTest" */;
			buildPhases = (
				A602DD4A19727EB300C4C7B2 /* Sources */,
				A602DD4B19727EB300C4C7B2 /* Frameworks */,
				A602DD4C19727EB300C4C7B2 /* Resources */,
				79576B8F64AE4D2D9948BDE0 /* Find unused imports */,
			);
			buildRules = (
			);
			dependencies = (
			);
			name = mBraceTest;
			productName = mBraceText;
			productReference = A602DD4E19727EB300C4C7B2 /* mBraceTest.app */;
			productType = "com.apple.product-type.application";
		};
/* End PBXNativeTarget section */

/* Begin PBXProject section */
		A602DD4619727EB300C4C7B2 /* Project object */ = {
			isa = PBXProject;
			attributes = {
				LastUpgradeCheck = 0510;
				ORGANIZATIONNAME = IgolSoft;
			};
			buildConfigurationList = A602DD4919727EB300C4C7B2 /* Build configuration list for PBXProject "mBraceTest" */;
			compatibilityVersion = "Xcode 3.2";
			developmentRegion = English;
			hasScannedForEncodings = 0;
			knownRegions = (
				en,
				Base,
			);
			mainGroup = A602DD4519727EB300C4C7B2;
			productRefGroup = A602DD4F19727EB300C4C7B2 /* Products */;
			projectDirPath = "";
			projectRoot = "";
			targets = (
				A602DD4D19727EB300C4C7B2 /* mBraceTest */,
			);
		};
/* End PBXProject section */

/* Begin PBXResourcesBuildPhase section */
		A602DD4C19727EB300C4C7B2 /* Resources */ = {
			isa = PBXResourcesBuildPhase;
			buildActionMask = 2147483647;
			files = (
				A642C9611972830500059D7A /* Images.xcassets in Resources */,
				A642C9641972831100059D7A /* InfoPlist.strings in Resources */,
				A642C95F197282F600059D7A /* mBraceTest-Info.plist in Resources */,
				A642C9731972834600059D7A /* Main.storyboard in Resources */,
			);
			runOnlyForDeploymentPostprocessing = 0;
		};
/* End PBXResourcesBuildPhase section */

/* Begin PBXShellScriptBuildPhase section */
		79576B8F64AE4D2D9948BDE0 /* Find unused imports */ = {
			isa = PBXShellScriptBuildPhase;
			buildActionMask = 2147483647;
			files = (
			);
			inputPaths = (
			);
			name = "Find unused imports";
			outputPaths = (
			);
			runOnlyForDeploymentPostprocessing = 0;
			shellPath = /bin/sh;
			shellScript = "/bin/sh \"/Users/eugenepavluk/Library/Application Support/Developer/Shared/Xcode/Plug-ins/xcfui.xcplugin/Contents/Resources/fui_script.sh\" \"/Volumes/work/freelance/mBrace/mBraceText\"";
		};
/* End PBXShellScriptBuildPhase section */

/* Begin PBXSourcesBuildPhase section */
		A602DD4A19727EB300C4C7B2 /* Sources */ = {
			isa = PBXSourcesBuildPhase;
			buildActionMask = 2147483647;
			files = (
				A642C97719728FD800059D7A /* CardView.m in Sources */,
				A642C95E197282F600059D7A /* main.m in Sources */,
				A642C9671972831D00059D7A /* AppDelegate.m in Sources */,
				A642C9701972833B00059D7A /* CardsViewController.m in Sources */,
			);
			runOnlyForDeploymentPostprocessing = 0;
		};
/* End PBXSourcesBuildPhase section */

/* Begin PBXVariantGroup section */
		A642C9621972831100059D7A /* InfoPlist.strings */ = {
			isa = PBXVariantGroup;
			children = (
				A642C9631972831100059D7A /* en */,
			);
			name = InfoPlist.strings;
			sourceTree = "<group>";
		};
		A642C9711972834600059D7A /* Main.storyboard */ = {
			isa = PBXVariantGroup;
			children = (
				A642C9721972834600059D7A /* Base */,
			);
			name = Main.storyboard;
			sourceTree = "<group>";
		};
/* End PBXVariantGroup section */

/* Begin XCBuildConfiguration section */
		A602DD7E19727EB400C4C7B2 /* Debug */ = {
			isa = XCBuildConfiguration;
			buildSettings = {
				ALWAYS_SEARCH_USER_PATHS = NO;
				CLANG_CXX_LANGUAGE_STANDARD = "gnu++0x";
				CLANG_CXX_LIBRARY = "libc++";
				CLANG_ENABLE_MODULES = YES;
				CLANG_ENABLE_OBJC_ARC = YES;
				CLANG_WARN_BOOL_CONVERSION = YES;
				CLANG_WARN_CONSTANT_CONVERSION = YES;
				CLANG_WARN_DIRECT_OBJC_ISA_USAGE = YES_ERROR;
				CLANG_WARN_EMPTY_BODY = YES;
				CLANG_WARN_ENUM_CONVERSION = YES;
				CLANG_WARN_INT_CONVERSION = YES;
				CLANG_WARN_OBJC_ROOT_CLASS = YES_ERROR;
				CLANG_WARN__DUPLICATE_METHOD_MATCH = YES;
				"CODE_SIGN_IDENTITY[sdk=iphoneos*]" = "iPhone Developer";
				COPY_PHASE_STRIP = NO;
				GCC_C_LANGUAGE_STANDARD = gnu99;
				GCC_DYNAMIC_NO_PIC = NO;
				GCC_OPTIMIZATION_LEVEL = 0;
				GCC_PREPROCESSOR_DEFINITIONS = (
					"DEBUG=1",
					"$(inherited)",
				);
				GCC_SYMBOLS_PRIVATE_EXTERN = NO;
				GCC_WARN_64_TO_32_BIT_CONVERSION = YES;
				GCC_WARN_ABOUT_RETURN_TYPE = YES_ERROR;
				GCC_WARN_UNDECLARED_SELECTOR = YES;
				GCC_WARN_UNINITIALIZED_AUTOS = YES_AGGRESSIVE;
				GCC_WARN_UNUSED_FUNCTION = YES;
				GCC_WARN_UNUSED_VARIABLE = YES;
				IPHONEOS_DEPLOYMENT_TARGET = 7.0;
				ONLY_ACTIVE_ARCH = YES;
				SDKROOT = iphoneos;
			};
			name = Debug;
		};
		A602DD7F19727EB400C4C7B2 /* Release */ = {
			isa = XCBuildConfiguration;
			buildSettings = {
				ALWAYS_SEARCH_USER_PATHS = NO;
				CLANG_CXX_LANGUAGE_STANDARD = "gnu++0x";
				CLANG_CXX_LIBRARY = "libc++";
				CLANG_ENABLE_MODULES = YES;
				CLANG_ENABLE_OBJC_ARC = YES;
				CLANG_WARN_BOOL_CONVERSION = YES;
				CLANG_WARN_CONSTANT_CONVERSION = YES;
				CLANG_WARN_DIRECT_OBJC_ISA_USAGE = YES_ERROR;
				CLANG_WARN_EMPTY_BODY = YES;
				CLANG_WARN_ENUM_CONVERSION = YES;
				CLANG_WARN_INT_CONVERSION = YES;
				CLANG_WARN_OBJC_ROOT_CLASS = YES_ERROR;
				CLANG_WARN__DUPLICATE_METHOD_MATCH = YES;
				"CODE_SIGN_IDENTITY[sdk=iphoneos*]" = "iPhone Developer";
				COPY_PHASE_STRIP = YES;
				ENABLE_NS_ASSERTIONS = NO;
				GCC_C_LANGUAGE_STANDARD = gnu99;
				GCC_WARN_64_TO_32_BIT_CONVERSION = YES;
				GCC_WARN_ABOUT_RETURN_TYPE = YES_ERROR;
				GCC_WARN_UNDECLARED_SELECTOR = YES;
				GCC_WARN_UNINITIALIZED_AUTOS = YES_AGGRESSIVE;
				GCC_WARN_UNUSED_FUNCTION = YES;
				GCC_WARN_UNUSED_VARIABLE = YES;
				IPHONEOS_DEPLOYMENT_TARGET = 7.0;
				SDKROOT = iphoneos;
				VALIDATE_PRODUCT = YES;
			};
			name = Release;
		};
		A602DD8119727EB400C4C7B2 /* Debug */ = {
			isa = XCBuildConfiguration;
			buildSettings = {
				ASSETCATALOG_COMPILER_APPICON_NAME = AppIcon;
				ASSETCATALOG_COMPILER_LAUNCHIMAGE_NAME = LaunchImage;
				GCC_PRECOMPILE_PREFIX_HEADER = YES;
				GCC_PREFIX_HEADER = "mBraceTest/mBraceTest-Prefix.pch";
				INFOPLIST_FILE = "mBraceTest/mBraceTest-Info.plist";
				IPHONEOS_DEPLOYMENT_TARGET = 7.0;
				PRODUCT_NAME = mBraceTest;
				WRAPPER_EXTENSION = app;
			};
			name = Debug;
		};
		A602DD8219727EB400C4C7B2 /* Release */ = {
			isa = XCBuildConfiguration;
			buildSettings = {
				ASSETCATALOG_COMPILER_APPICON_NAME = AppIcon;
				ASSETCATALOG_COMPILER_LAUNCHIMAGE_NAME = LaunchImage;
				GCC_PRECOMPILE_PREFIX_HEADER = YES;
				GCC_PREFIX_HEADER = "mBraceTest/mBraceTest-Prefix.pch";
				INFOPLIST_FILE = "mBraceTest/mBraceTest-Info.plist";
				IPHONEOS_DEPLOYMENT_TARGET = 7.0;
				PRODUCT_NAME = mBraceTest;
				WRAPPER_EXTENSION = app;
			};
			name = Release;
		};
/* End XCBuildConfiguration section */

/* Begin XCConfigurationList section */
		A602DD4919727EB300C4C7B2 /* Build configuration list for PBXProject "mBraceTest" */ = {
			isa = XCConfigurationList;
			buildConfigurations = (
				A602DD7E19727EB400C4C7B2 /* Debug */,
				A602DD7F19727EB400C4C7B2 /* Release */,
			);
			defaultConfigurationIsVisible = 0;
			defaultConfigurationName = Release;
		};
		A602DD8019727EB400C4C7B2 /* Build configuration list for PBXNativeTarget "mBraceTest" */ = {
			isa = XCConfigurationList;
			buildConfigurations = (
				A602DD8119727EB400C4C7B2 /* Debug */,
				A602DD8219727EB400C4C7B2 /* Release */,
			);
			defaultConfigurationIsVisible = 0;
			defaultConfigurationName = Release;
		};
/* End XCConfigurationList section */
	};
	rootObject = A602DD4619727EB300C4C7B2 /* Project object */;
}
